{
  "originHash" : "6e97e26f5fee74f5da9cc3932555a995c21144d520eb1c8b16ce4b7a730ea51e",
  "pins" : [
    {
      "identity" : "coinkit",
      "kind" : "remoteSourceControl",
      "location" : "https://github.com/Momeks/CoinKit.git",
      "state" : {
        "branch" : "main",
        "revision" : "70ea575d004476ad75f350afeca127b2fbc343e3"
      }
    },
    {
      "identity" : "networkkit",
      "kind" : "remoteSourceControl",
      "location" : "https://github.com/Momeks/NetworkKit.git",
      "state" : {
        "branch" : "main",
        "revision" : "802ab7ef38caf757d2e0c88d88d546efe16e399b"
      }
    }
  ],
  "version" : 3
}
